
Microsoft Visual Studio Solution File, Format Version 12.00
# Visual Studio Version 16
VisualStudioVersion = 16.0.31605.320
MinimumVisualStudioVersion = 10.0.40219.1
Project("{8BC9CEB8-8B4A-11D0-8D11-00A0C91BC942}") = "SK-Lib-math.h-isless-Bagian5__C", "SK-Lib-math.h-isless-Bagian5__C\SK-Lib-math.h-isless-Bagian5__C.vcxproj", "{16D0075C-0F91-4A57-82CD-B4221D6EE7E7}"
EndProject
Global
	GlobalSection(SolutionConfigurationPlatforms) = preSolution
		Debug|x64 = Debug|x64
		Debug|x86 = Debug|x86
		Release|x64 = Release|x64
		Release|x86 = Release|x86
	EndGlobalSection
	GlobalSection(ProjectConfigurationPlatforms) = postSolution
		{16D0075C-0F91-4A57-82CD-B4221D6EE7E7}.Debug|x64.ActiveCfg = Debug|x64
		{16D0075C-0F91-4A57-82CD-B4221D6EE7E7}.Debug|x64.Build.0 = Debug|x64
		{16D0075C-0F91-4A57-82CD-B4221D6EE7E7}.Debug|x86.ActiveCfg = Debug|Win32
		{16D0075C-0F91-4A57-82CD-B4221D6EE7E7}.Debug|x86.Build.0 = Debug|Win32
		{16D0075C-0F91-4A57-82CD-B4221D6EE7E7}.Release|x64.ActiveCfg = Release|x64
		{16D0075C-0F91-4A57-82CD-B4221D6EE7E7}.Release|x64.Build.0 = Release|x64
		{16D0075C-0F91-4A57-82CD-B4221D6EE7E7}.Release|x86.ActiveCfg = Release|Win32
		{16D0075C-0F91-4A57-82CD-B4221D6EE7E7}.Release|x86.Build.0 = Release|Win32
	EndGlobalSection
	GlobalSection(SolutionProperties) = preSolution
		HideSolutionNode = FALSE
	EndGlobalSection
	GlobalSection(ExtensibilityGlobals) = postSolution
		SolutionGuid = {50FFB7D4-9470-4A52-8514-1743711AB2F5}
	EndGlobalSection
EndGlobal
